Microsoft Visual Studio Solution File, Format Version 12.00
# Visual Studio Version 17
VisualStudioVersion = 17.5.2.0
MinimumVisualStudioVersion = 10.0.40219.1
Project("{FAE04EC0-301F-11D3-BF4B-00C04F79EFBC}") = "MiniLINQPlayground", "MiniLINQPlayground.csproj", "{B6B9CA54-74C6-C4AD-9138-9282F68556B7}"
EndProject
Global
	GlobalSection(SolutionConfigurationPlatforms) = preSolution
		Debug|Any CPU = Debug|Any CPU
		Release|Any CPU = Release|Any CPU
	EndGlobalSection
	GlobalSection(ProjectConfigurationPlatforms) = postSolution
		{B6B9CA54-74C6-C4AD-9138-9282F68556B7}.Debug|Any CPU.ActiveCfg = Debug|Any CPU
		{B6B9CA54-74C6-C4AD-9138-9282F68556B7}.Debug|Any CPU.Build.0 = Debug|Any CPU
		{B6B9CA54-74C6-C4AD-9138-9282F68556B7}.Release|Any CPU.ActiveCfg = Release|Any CPU
		{B6B9CA54-74C6-C4AD-9138-9282F68556B7}.Release|Any CPU.Build.0 = Release|Any CPU
	EndGlobalSection
	GlobalSection(SolutionProperties) = preSolution
		HideSolutionNode = FALSE
	EndGlobalSection
	GlobalSection(ExtensibilityGlobals) = postSolution
		SolutionGuid = {5AF97289-1C49-4A64-AE81-48B05F64D9B6}
	EndGlobalSection
EndGlobal
